
Microsoft Visual Studio Solution File, Format Version 12.00
# Visual Studio Version 17
VisualStudioVersion = 17.10.35013.160
MinimumVisualStudioVersion = 10.0.40219.1
Project("{FAE04EC0-301F-11D3-BF4B-00C04F79EFBC}") = "RPG", "RPG\RPG.csproj", "{03EF9E1B-3E71-4407-9078-4E9C3E71481F}"
EndProject
Global
	GlobalSection(SolutionConfigurationPlatforms) = preSolution
		Debug|Any CPU = Debug|Any CPU
		Release|Any CPU = Release|Any CPU
	EndGlobalSection
	GlobalSection(ProjectConfigurationPlatforms) = postSolution
		{03EF9E1B-3E71-4407-9078-4E9C3E71481F}.Debug|Any CPU.ActiveCfg = Debug|Any CPU
		{03EF9E1B-3E71-4407-9078-4E9C3E71481F}.Debug|Any CPU.Build.0 = Debug|Any CPU
		{03EF9E1B-3E71-4407-9078-4E9C3E71481F}.Release|Any CPU.ActiveCfg = Release|Any CPU
		{03EF9E1B-3E71-4407-9078-4E9C3E71481F}.Release|Any CPU.Build.0 = Release|Any CPU
	EndGlobalSection
	GlobalSection(SolutionProperties) = preSolution
		HideSolutionNode = FALSE
	EndGlobalSection
	GlobalSection(ExtensibilityGlobals) = postSolution
		SolutionGuid = {22C06CE3-1369-401B-81D3-6239DEE6BB2A}
	EndGlobalSection
EndGlobal
